
Microsoft Visual Studio Solution File, Format Version 12.00
# Visual Studio Version 17
VisualStudioVersion = 17.7.34031.279
MinimumVisualStudioVersion = 10.0.40219.1
Project("{8BC9CEB8-8B4A-11D0-8D11-00A0C91BC942}") = "Printing_Pattern_Using_Loops", "Printing_Pattern_Using_Loops\Printing_Pattern_Using_Loops.vcxproj", "{FB688410-9E4A-42F5-B86C-CF0FE71F77DF}"
EndProject
Global
	GlobalSection(SolutionConfigurationPlatforms) = preSolution
		Debug|x64 = Debug|x64
		Debug|x86 = Debug|x86
		Release|x64 = Release|x64
		Release|x86 = Release|x86
	EndGlobalSection
	GlobalSection(ProjectConfigurationPlatforms) = postSolution
		{FB688410-9E4A-42F5-B86C-CF0FE71F77DF}.Debug|x64.ActiveCfg = Debug|x64
		{FB688410-9E4A-42F5-B86C-CF0FE71F77DF}.Debug|x64.Build.0 = Debug|x64
		{FB688410-9E4A-42F5-B86C-CF0FE71F77DF}.Debug|x86.ActiveCfg = Debug|Win32
		{FB688410-9E4A-42F5-B86C-CF0FE71F77DF}.Debug|x86.Build.0 = Debug|Win32
		{FB688410-9E4A-42F5-B86C-CF0FE71F77DF}.Release|x64.ActiveCfg = Release|x64
		{FB688410-9E4A-42F5-B86C-CF0FE71F77DF}.Release|x64.Build.0 = Release|x64
		{FB688410-9E4A-42F5-B86C-CF0FE71F77DF}.Release|x86.ActiveCfg = Release|Win32
		{FB688410-9E4A-42F5-B86C-CF0FE71F77DF}.Release|x86.Build.0 = Release|Win32
	EndGlobalSection
	GlobalSection(SolutionProperties) = preSolution
		HideSolutionNode = FALSE
	EndGlobalSection
	GlobalSection(ExtensibilityGlobals) = postSolution
		SolutionGuid = {D9F610F3-CB20-4BEF-9944-D3624513BF1B}
	EndGlobalSection
EndGlobal
